{
  "name": "react-native-x402-monorepo",
  "version": "0.0.0",
  "lockfileVersion": 3,
  "requires": true,
  "packages": {
    "": {
      "name": "react-native-x402-monorepo",
      "version": "0.0.0",
      "workspaces": [
        "packages/*",
        "apps/*"
      ],
      "devDependencies": {
        "typescript": "^5.6.0"
      },
      "engines": {
        "node": ">=20"
      }
    },
    "node_modules/@allowkit/agent-wallet": {
      "resolved": "packages/agent-wallet",
      "link": true
    },
    "node_modules/@allowkit/policy": {
      "resolved": "packages/policy",
      "link": true
    },
    "node_modules/@allowkit/x402-client": {
      "resolved": "packages/x402-client",
      "link": true
    },
    "node_modules/react-native-x402": {
      "resolved": "packages/react-native-x402",
      "link": true
    },
    "node_modules/typescript": {
      "version": "5.9.3",
      "resolved": "https://registry.npmjs.org/typescript/-/typescript-5.9.3.tgz",
      "integrity": "sha512-jl1vZzPDinLr9eUt3J/t7V6FgNEw9QjvBPdysz9KfQDD41fQrC2Y4vKQdiaUpFT4bXlb1RHhLpp8wtm6M5TgSw==",
      "dev": true,
      "license": "Apache-2.0",
      "bin": {
        "tsc": "bin/tsc",
        "tsserver": "bin/tsserver"
      },
      "engines": {
        "node": ">=14.17"
      }
    },
    "packages/agent-wallet": {
      "name": "@allowkit/agent-wallet",
      "version": "0.0.1",
      "license": "FSL-1.1-ALv2",
      "dependencies": {
        "@allowkit/x402-client": "0.0.1"
      }
    },
    "packages/policy": {
      "name": "@allowkit/policy",
      "version": "0.0.1",
      "license": "FSL-1.1-ALv2",
      "dependencies": {
        "@allowkit/x402-client": "0.0.1"
      }
    },
    "packages/react-native-x402": {
      "version": "0.0.1",
      "license": "Apache-2.0",
      "dependencies": {
        "@allowkit/agent-wallet": "0.0.1",
        "@allowkit/policy": "0.0.1",
        "@allowkit/x402-client": "0.0.1"
      }
    },
    "packages/x402-client": {
      "name": "@allowkit/x402-client",
      "version": "0.0.1",
      "license": "Apache-2.0"
    }
  }
}
